// !$*UTF8*$!
{
	archiveVersion = 1;
	classes = {
	};
	objectVersion = 56;
	objects = {

/* Begin PBXBuildFile section */
		0EECBDCC2C3B683F00862F70 /* UITestApp.swift in Sources */ = {isa = PBXBuildFile; fileRef = 0EECBDCB2C3B683F00862F70 /* UITestApp.swift */; };
		0EECBDCE2C3B683F00862F70 /* Persistence.swift in Sources */ = {isa = PBXBuildFile; fileRef = 0EECBDCD2C3B683F00862F70 /* Persistence.swift */; };
		0EECBDD12C3B683F00862F70 /* UITest.xcdatamodeld in Sources */ = {isa = PBXBuildFile; fileRef = 0EECBDCF2C3B683F00862F70 /* UITest.xcdatamodeld */; };
		0EECBDD32C3B683F00862F70 /* ContentView.swift in Sources */ = {isa = PBXBuildFile; fileRef = 0EECBDD22C3B683F00862F70 /* ContentView.swift */; };
		0EECBDD52C3B684100862F70 /* Assets.xcassets in Resources */ = {isa = PBXBuildFile; fileRef = 0EECBDD42C3B684100862F70 /* Assets.xcassets */; };
		0EECBDD92C3B684100862F70 /* Preview Assets.xcassets in Resources */ = {isa = PBXBuildFile; fileRef = 0EECBDD82C3B684100862F70 /* Preview Assets.xcassets */; };
		0EECBDE32C3B684100862F70 /* UITestTests.swift in Sources */ = {isa = PBXBuildFile; fileRef = 0EECBDE22C3B684100862F70 /* UITestTests.swift */; };
		0EECBDED2C3B684100862F70 /* UITestUITests.swift in Sources */ = {isa = PBXBuildFile; fileRef = 0EECBDEC2C3B684100862F70 /* UITestUITests.swift */; };
		0EECBDEF2C3B684100862F70 /* UITestUITestsLaunchTests.swift in Sources */ = {isa = PBXBuildFile; fileRef = 0EECBDEE2C3B684100862F70 /* UITestUITestsLaunchTests.swift */; };
		0EECBDFE2C3B90FC00862F70 /* ChatModels.swift in Sources */ = {isa = PBXBuildFile; fileRef = 0EECBDFD2C3B90FC00862F70 /* ChatModels.swift */; };
		0EECBE002C3B914100862F70 /* NetworkManager.swift in Sources */ = {isa = PBXBuildFile; fileRef = 0EECBDFF2C3B914100862F70 /* NetworkManager.swift */; };
/* End PBXBuildFile section */

/* Begin PBXContainerItemProxy section */
		0EECBDDF2C3B684100862F70 /* PBXContainerItemProxy */ = {
			isa = PBXContainerItemProxy;
			containerPortal = 0EECBDC02C3B683F00862F70 /* Project object */;
			proxyType = 1;
			remoteGlobalIDString = 0EECBDC72C3B683F00862F70;
			remoteInfo = UITest;
		};
		0EECBDE92C3B684100862F70 /* PBXContainerItemProxy */ = {
			isa = PBXContainerItemProxy;
			containerPortal = 0EECBDC02C3B683F00862F70 /* Project object */;
			proxyType = 1;
			remoteGlobalIDString = 0EECBDC72C3B683F00862F70;
			remoteInfo = UITest;
		};
/* End PBXContainerItemProxy section */

/* Begin PBXFileReference section */
		0EECBDC82C3B683F00862F70 /* UITest.app */ = {isa = PBXFileReference; explicitFileType = wrapper.application; includeInIndex = 0; path = UITest.app; sourceTree = BUILT_PRODUCTS_DIR; };
		0EECBDCB2C3B683F00862F70 /* UITestApp.swift */ = {isa = PBXFileReference; lastKnownFileType = sourcecode.swift; path = UITestApp.swift; sourceTree = "<group>"; };
		0EECBDCD2C3B683F00862F70 /* Persistence.swift */ = {isa = PBXFileReference; lastKnownFileType = sourcecode.swift; path = Persistence.swift; sourceTree = "<group>"; };
		0EECBDD02C3B683F00862F70 /* UITest.xcdatamodel */ = {isa = PBXFileReference; lastKnownFileType = wrapper.xcdatamodel; path = UITest.xcdatamodel; sourceTree = "<group>"; };
		0EECBDD22C3B683F00862F70 /* ContentView.swift */ = {isa = PBXFileReference; lastKnownFileType = sourcecode.swift; path = ContentView.swift; sourceTree = "<group>"; };
		0EECBDD42C3B684100862F70 /* Assets.xcassets */ = {isa = PBXFileReference; lastKnownFileType = folder.assetcatalog; path = Assets.xcassets; sourceTree = "<group>"; };
		0EECBDD62C3B684100862F70 /* UITest.entitlements */ = {isa = PBXFileReference; lastKnownFileType = text.plist.entitlements; path = UITest.entitlements; sourceTree = "<group>"; };
		0EECBDD82C3B684100862F70 /* Preview Assets.xcassets */ = {isa = PBXFileReference; lastKnownFileType = folder.assetcatalog; path = "Preview Assets.xcassets"; sourceTree = "<group>"; };
		0EECBDDE2C3B684100862F70 /* UITestTests.xctest */ = {isa = PBXFileReference; explicitFileType = wrapper.cfbundle; includeInIndex = 0; path = UITestTests.xctest; sourceTree = BUILT_PRODUCTS_DIR; };
		0EECBDE22C3B684100862F70 /* UITestTests.swift */ = {isa = PBXFileReference; lastKnownFileType = sourcecode.swift; path = UITestTests.swift; sourceTree = "<group>"; };
		0EECBDE82C3B684100862F70 /* UITestUITests.xctest */ = {isa = PBXFileReference; explicitFileType = wrapper.cfbundle; includeInIndex = 0; path = UITestUITests.xctest; sourceTree = BUILT_PRODUCTS_DIR; };
		0EECBDEC2C3B684100862F70 /* UITestUITests.swift */ = {isa = PBXFileReference; lastKnownFileType = sourcecode.swift; path = UITestUITests.swift; sourceTree = "<group>"; };
		0EECBDEE2C3B684100862F70 /* UITestUITestsLaunchTests.swift */ = {isa = PBXFileReference; lastKnownFileType = sourcecode.swift; path = UITestUITestsLaunchTests.swift; sourceTree = "<group>"; };
		0EECBDFD2C3B90FC00862F70 /* ChatModels.swift */ = {isa = PBXFileReference; lastKnownFileType = sourcecode.swift; path = ChatModels.swift; sourceTree = "<group>"; };
		0EECBDFF2C3B914100862F70 /* NetworkManager.swift */ = {isa = PBXFileReference; lastKnownFileType = sourcecode.swift; path = NetworkManager.swift; sourceTree = "<group>"; };
/* End PBXFileReference section */

/* Begin PBXFrameworksBuildPhase section */
		0EECBDC52C3B683F00862F70 /* Frameworks */ = {
			isa = PBXFrameworksBuildPhase;
			buildActionMask = 2147483647;
			files = (
			);
			runOnlyForDeploymentPostprocessing = 0;
		};
		0EECBDDB2C3B684100862F70 /* Frameworks */ = {
			isa = PBXFrameworksBuildPhase;
			buildActionMask = 2147483647;
			files = (
			);
			runOnlyForDeploymentPostprocessing = 0;
		};
		0EECBDE52C3B684100862F70 /* Frameworks */ = {
			isa = PBXFrameworksBuildPhase;
			buildActionMask = 2147483647;
			files = (
			);
			runOnlyForDeploymentPostprocessing = 0;
		};
/* End PBXFrameworksBuildPhase section */

/* Begin PBXGroup section */
		0EECBDBF2C3B683F00862F70 = {
			isa = PBXGroup;
			children = (
				0EECBDCA2C3B683F00862F70 /* UITest */,
				0EECBDE12C3B684100862F70 /* UITestTests */,
				0EECBDEB2C3B684100862F70 /* UITestUITests */,
				0EECBDC92C3B683F00862F70 /* Products */,
			);
			sourceTree = "<group>";
		};
		0EECBDC92C3B683F00862F70 /* Products */ = {
			isa = PBXGroup;
			children = (
				0EECBDC82C3B683F00862F70 /* UITest.app */,
				0EECBDDE2C3B684100862F70 /* UITestTests.xctest */,
				0EECBDE82C3B684100862F70 /* UITestUITests.xctest */,
			);
			name = Products;
			sourceTree = "<group>";
		};
		0EECBDCA2C3B683F00862F70 /* UITest */ = {
			isa = PBXGroup;
			children = (
				0EECBDCB2C3B683F00862F70 /* UITestApp.swift */,
				0EECBDCD2C3B683F00862F70 /* Persistence.swift */,
				0EECBDD22C3B683F00862F70 /* ContentView.swift */,
				0EECBDFD2C3B90FC00862F70 /* ChatModels.swift */,
				0EECBDFF2C3B914100862F70 /* NetworkManager.swift */,
				0EECBDD42C3B684100862F70 /* Assets.xcassets */,
				0EECBDD62C3B684100862F70 /* UITest.entitlements */,
				0EECBDCF2C3B683F00862F70 /* UITest.xcdatamodeld */,
				0EECBDD72C3B684100862F70 /* Preview Content */,
			);
			path = UITest;
			sourceTree = "<group>";
		};
		0EECBDD72C3B684100862F70 /* Preview Content */ = {
			isa = PBXGroup;
			children = (
				0EECBDD82C3B684100862F70 /* Preview Assets.xcassets */,
			);
			path = "Preview Content";
			sourceTree = "<group>";
		};
		0EECBDE12C3B684100862F70 /* UITestTests */ = {
			isa = PBXGroup;
			children = (
				0EECBDE22C3B684100862F70 /* UITestTests.swift */,
			);
			path = UITestTests;
			sourceTree = "<group>";
		};
		0EECBDEB2C3B684100862F70 /* UITestUITests */ = {
			isa = PBXGroup;
			children = (
				0EECBDEC2C3B684100862F70 /* UITestUITests.swift */,
				0EECBDEE2C3B684100862F70 /* UITestUITestsLaunchTests.swift */,
			);
			path = UITestUITests;
			sourceTree = "<group>";
		};
/* End PBXGroup section */

/* Begin PBXNativeTarget section */
		0EECBDC72C3B683F00862F70 /* UITest */ = {
			isa = PBXNativeTarget;
			buildConfigurationList = 0EECBDF22C3B684100862F70 /* Build configuration list for PBXNativeTarget "UITest" */;
			buildPhases = (
				0EECBDC42C3B683F00862F70 /* Sources */,
				0EECBDC52C3B683F00862F70 /* Frameworks */,
				0EECBDC62C3B683F00862F70 /* Resources */,
			);
			buildRules = (
			);
			dependencies = (
			);
			name = UITest;
			productName = UITest;
			productReference = 0EECBDC82C3B683F00862F70 /* UITest.app */;
			productType = "com.apple.product-type.application";
		};
		0EECBDDD2C3B684100862F70 /* UITestTests */ = {
			isa = PBXNativeTarget;
			buildConfigurationList = 0EECBDF52C3B684100862F70 /* Build configuration list for PBXNativeTarget "UITestTests" */;
			buildPhases = (
				0EECBDDA2C3B684100862F70 /* Sources */,
				0EECBDDB2C3B684100862F70 /* Frameworks */,
				0EECBDDC2C3B684100862F70 /* Resources */,
			);
			buildRules = (
			);
			dependencies = (
				0EECBDE02C3B684100862F70 /* PBXTargetDependency */,
			);
			name = UITestTests;
			productName = UITestTests;
			productReference = 0EECBDDE2C3B684100862F70 /* UITestTests.xctest */;
			productType = "com.apple.product-type.bundle.unit-test";
		};
		0EECBDE72C3B684100862F70 /* UITestUITests */ = {
			isa = PBXNativeTarget;
			buildConfigurationList = 0EECBDF82C3B684100862F70 /* Build configuration list for PBXNativeTarget "UITestUITests" */;
			buildPhases = (
				0EECBDE42C3B684100862F70 /* Sources */,
				0EECBDE52C3B684100862F70 /* Frameworks */,
				0EECBDE62C3B684100862F70 /* Resources */,
			);
			buildRules = (
			);
			dependencies = (
				0EECBDEA2C3B684100862F70 /* PBXTargetDependency */,
			);
			name = UITestUITests;
			productName = UITestUITests;
			productReference = 0EECBDE82C3B684100862F70 /* UITestUITests.xctest */;
			productType = "com.apple.product-type.bundle.ui-testing";
		};
/* End PBXNativeTarget section */

/* Begin PBXProject section */
		0EECBDC02C3B683F00862F70 /* Project object */ = {
			isa = PBXProject;
			attributes = {
				BuildIndependentTargetsInParallel = 1;
				LastSwiftUpdateCheck = 1540;
				LastUpgradeCheck = 1540;
				TargetAttributes = {
					0EECBDC72C3B683F00862F70 = {
						CreatedOnToolsVersion = 15.4;
					};
					0EECBDDD2C3B684100862F70 = {
						CreatedOnToolsVersion = 15.4;
						TestTargetID = 0EECBDC72C3B683F00862F70;
					};
					0EECBDE72C3B684100862F70 = {
						CreatedOnToolsVersion = 15.4;
						TestTargetID = 0EECBDC72C3B683F00862F70;
					};
				};
			};
			buildConfigurationList = 0EECBDC32C3B683F00862F70 /* Build configuration list for PBXProject "UITest" */;
			compatibilityVersion = "Xcode 14.0";
			developmentRegion = en;
			hasScannedForEncodings = 0;
			knownRegions = (
				en,
				Base,
			);
			mainGroup = 0EECBDBF2C3B683F00862F70;
			productRefGroup = 0EECBDC92C3B683F00862F70 /* Products */;
			projectDirPath = "";
			projectRoot = "";
			targets = (
				0EECBDC72C3B683F00862F70 /* UITest */,
				0EECBDDD2C3B684100862F70 /* UITestTests */,
				0EECBDE72C3B684100862F70 /* UITestUITests */,
			);
		};
/* End PBXProject section */

/* Begin PBXResourcesBuildPhase section */
		0EECBDC62C3B683F00862F70 /* Resources */ = {
			isa = PBXResourcesBuildPhase;
			buildActionMask = 2147483647;
			files = (
				0EECBDD92C3B684100862F70 /* Preview Assets.xcassets in Resources */,
				0EECBDD52C3B684100862F70 /* Assets.xcassets in Resources */,
			);
			runOnlyForDeploymentPostprocessing = 0;
		};
		0EECBDDC2C3B684100862F70 /* Resources */ = {
			isa = PBXResourcesBuildPhase;
			buildActionMask = 2147483647;
			files = (
			);
			runOnlyForDeploymentPostprocessing = 0;
		};
		0EECBDE62C3B684100862F70 /* Resources */ = {
			isa = PBXResourcesBuildPhase;
			buildActionMask = 2147483647;
			files = (
			);
			runOnlyForDeploymentPostprocessing = 0;
		};
/* End PBXResourcesBuildPhase section */

/* Begin PBXSourcesBuildPhase section */
		0EECBDC42C3B683F00862F70 /* Sources */ = {
			isa = PBXSourcesBuildPhase;
			buildActionMask = 2147483647;
			files = (
				0EECBE002C3B914100862F70 /* NetworkManager.swift in Sources */,
				0EECBDCC2C3B683F00862F70 /* UITestApp.swift in Sources */,
				0EECBDFE2C3B90FC00862F70 /* ChatModels.swift in Sources */,
				0EECBDCE2C3B683F00862F70 /* Persistence.swift in Sources */,
				0EECBDD32C3B683F00862F70 /* ContentView.swift in Sources */,
				0EECBDD12C3B683F00862F70 /* UITest.xcdatamodeld in Sources */,
			);
			runOnlyForDeploymentPostprocessing = 0;
		};
		0EECBDDA2C3B684100862F70 /* Sources */ = {
			isa = PBXSourcesBuildPhase;
			buildActionMask = 2147483647;
			files = (
				0EECBDE32C3B684100862F70 /* UITestTests.swift in Sources */,
			);
			runOnlyForDeploymentPostprocessing = 0;
		};
		0EECBDE42C3B684100862F70 /* Sources */ = {
			isa = PBXSourcesBuildPhase;
			buildActionMask = 2147483647;
			files = (
				0EECBDEF2C3B684100862F70 /* UITestUITestsLaunchTests.swift in Sources */,
				0EECBDED2C3B684100862F70 /* UITestUITests.swift in Sources */,
			);
			runOnlyForDeploymentPostprocessing = 0;
		};
/* End PBXSourcesBuildPhase section */

/* Begin PBXTargetDependency section */
		0EECBDE02C3B684100862F70 /* PBXTargetDependency */ = {
			isa = PBXTargetDependency;
			target = 0EECBDC72C3B683F00862F70 /* UITest */;
			targetProxy = 0EECBDDF2C3B684100862F70 /* PBXContainerItemProxy */;
		};
		0EECBDEA2C3B684100862F70 /* PBXTargetDependency */ = {
			isa = PBXTargetDependency;
			target = 0EECBDC72C3B683F00862F70 /* UITest */;
			targetProxy = 0EECBDE92C3B684100862F70 /* PBXContainerItemProxy */;
		};
/* End PBXTargetDependency section */

/* Begin XCBuildConfiguration section */
		0EECBDF02C3B684100862F70 /* Debug */ = {
			isa = XCBuildConfiguration;
			buildSettings = {
				ALWAYS_SEARCH_USER_PATHS = NO;
				ASSETCATALOG_COMPILER_GENERATE_SWIFT_ASSET_SYMBOL_EXTENSIONS = YES;
				CLANG_ANALYZER_NONNULL = YES;
				CLANG_ANALYZER_NUMBER_OBJECT_CONVERSION = YES_AGGRESSIVE;
				CLANG_CXX_LANGUAGE_STANDARD = "gnu++20";
				CLANG_ENABLE_MODULES = YES;
				CLANG_ENABLE_OBJC_ARC = YES;
				CLANG_ENABLE_OBJC_WEAK = YES;
				CLANG_WARN_BLOCK_CAPTURE_AUTORELEASING = YES;
				CLANG_WARN_BOOL_CONVERSION = YES;
				CLANG_WARN_COMMA = YES;
				CLANG_WARN_CONSTANT_CONVERSION = YES;
				CLANG_WARN_DEPRECATED_OBJC_IMPLEMENTATIONS = YES;
				CLANG_WARN_DIRECT_OBJC_ISA_USAGE = YES_ERROR;
				CLANG_WARN_DOCUMENTATION_COMMENTS = YES;
				CLANG_WARN_EMPTY_BODY = YES;
				CLANG_WARN_ENUM_CONVERSION = YES;
				CLANG_WARN_INFINITE_RECURSION = YES;
				CLANG_WARN_INT_CONVERSION = YES;
				CLANG_WARN_NON_LITERAL_NULL_CONVERSION = YES;
				CLANG_WARN_OBJC_IMPLICIT_RETAIN_SELF = YES;
				CLANG_WARN_OBJC_LITERAL_CONVERSION = YES;
				CLANG_WARN_OBJC_ROOT_CLASS = YES_ERROR;
				CLANG_WARN_QUOTED_INCLUDE_IN_FRAMEWORK_HEADER = YES;
				CLANG_WARN_RANGE_LOOP_ANALYSIS = YES;
				CLANG_WARN_STRICT_PROTOTYPES = YES;
				CLANG_WARN_SUSPICIOUS_MOVE = YES;
				CLANG_WARN_UNGUARDED_AVAILABILITY = YES_AGGRESSIVE;
				CLANG_WARN_UNREACHABLE_CODE = YES;
				CLANG_WARN__DUPLICATE_METHOD_MATCH = YES;
				COPY_PHASE_STRIP = NO;
				DEBUG_INFORMATION_FORMAT = dwarf;
				ENABLE_STRICT_OBJC_MSGSEND = YES;
				ENABLE_TESTABILITY = YES;
				ENABLE_USER_SCRIPT_SANDBOXING = YES;
				GCC_C_LANGUAGE_STANDARD = gnu17;
				GCC_DYNAMIC_NO_PIC = NO;
				GCC_NO_COMMON_BLOCKS = YES;
				GCC_OPTIMIZATION_LEVEL = 0;
				GCC_PREPROCESSOR_DEFINITIONS = (
					"DEBUG=1",
					"$(inherited)",
				);
				GCC_WARN_64_TO_32_BIT_CONVERSION = YES;
				GCC_WARN_ABOUT_RETURN_TYPE = YES_ERROR;
				GCC_WARN_UNDECLARED_SELECTOR = YES;
				GCC_WARN_UNINITIALIZED_AUTOS = YES_AGGRESSIVE;
				GCC_WARN_UNUSED_FUNCTION = YES;
				GCC_WARN_UNUSED_VARIABLE = YES;
				LOCALIZATION_PREFERS_STRING_CATALOGS = YES;
				MTL_ENABLE_DEBUG_INFO = INCLUDE_SOURCE;
				MTL_FAST_MATH = YES;
				ONLY_ACTIVE_ARCH = YES;
				SWIFT_ACTIVE_COMPILATION_CONDITIONS = "DEBUG $(inherited)";
				SWIFT_OPTIMIZATION_LEVEL = "-Onone";
			};
			name = Debug;
		};
		0EECBDF12C3B684100862F70 /* Release */ = {
			isa = XCBuildConfiguration;
			buildSettings = {
				ALWAYS_SEARCH_USER_PATHS = NO;
				ASSETCATALOG_COMPILER_GENERATE_SWIFT_ASSET_SYMBOL_EXTENSIONS = YES;
				CLANG_ANALYZER_NONNULL = YES;
				CLANG_ANALYZER_NUMBER_OBJECT_CONVERSION = YES_AGGRESSIVE;
				CLANG_CXX_LANGUAGE_STANDARD = "gnu++20";
				CLANG_ENABLE_MODULES = YES;
				CLANG_ENABLE_OBJC_ARC = YES;
				CLANG_ENABLE_OBJC_WEAK = YES;
				CLANG_WARN_BLOCK_CAPTURE_AUTORELEASING = YES;
				CLANG_WARN_BOOL_CONVERSION = YES;
				CLANG_WARN_COMMA = YES;
				CLANG_WARN_CONSTANT_CONVERSION = YES;
				CLANG_WARN_DEPRECATED_OBJC_IMPLEMENTATIONS = YES;
				CLANG_WARN_DIRECT_OBJC_ISA_USAGE = YES_ERROR;
				CLANG_WARN_DOCUMENTATION_COMMENTS = YES;
				CLANG_WARN_EMPTY_BODY = YES;
				CLANG_WARN_ENUM_CONVERSION = YES;
				CLANG_WARN_INFINITE_RECURSION = YES;
				CLANG_WARN_INT_CONVERSION = YES;
				CLANG_WARN_NON_LITERAL_NULL_CONVERSION = YES;
				CLANG_WARN_OBJC_IMPLICIT_RETAIN_SELF = YES;
				CLANG_WARN_OBJC_LITERAL_CONVERSION = YES;
				CLANG_WARN_OBJC_ROOT_CLASS = YES_ERROR;
				CLANG_WARN_QUOTED_INCLUDE_IN_FRAMEWORK_HEADER = YES;
				CLANG_WARN_RANGE_LOOP_ANALYSIS = YES;
				CLANG_WARN_STRICT_PROTOTYPES = YES;
				CLANG_WARN_SUSPICIOUS_MOVE = YES;
				CLANG_WARN_UNGUARDED_AVAILABILITY = YES_AGGRESSIVE;
				CLANG_WARN_UNREACHABLE_CODE = YES;
				CLANG_WARN__DUPLICATE_METHOD_MATCH = YES;
				COPY_PHASE_STRIP = NO;
				DEBUG_INFORMATION_FORMAT = "dwarf-with-dsym";
				ENABLE_NS_ASSERTIONS = NO;
				ENABLE_STRICT_OBJC_MSGSEND = YES;
				ENABLE_USER_SCRIPT_SANDBOXING = YES;
				GCC_C_LANGUAGE_STANDARD = gnu17;
				GCC_NO_COMMON_BLOCKS = YES;
				GCC_WARN_64_TO_32_BIT_CONVERSION = YES;
				GCC_WARN_ABOUT_RETURN_TYPE = YES_ERROR;
				GCC_WARN_UNDECLARED_SELECTOR = YES;
				GCC_WARN_UNINITIALIZED_AUTOS = YES_AGGRESSIVE;
				GCC_WARN_UNUSED_FUNCTION = YES;
				GCC_WARN_UNUSED_VARIABLE = YES;
				LOCALIZATION_PREFERS_STRING_CATALOGS = YES;
				MTL_ENABLE_DEBUG_INFO = NO;
				MTL_FAST_MATH = YES;
				SWIFT_COMPILATION_MODE = wholemodule;
			};
			name = Release;
		};
		0EECBDF32C3B684100862F70 /* Debug */ = {
			isa = XCBuildConfiguration;
			buildSettings = {
				ASSETCATALOG_COMPILER_APPICON_NAME = AppIcon;
				ASSETCATALOG_COMPILER_GLOBAL_ACCENT_COLOR_NAME = AccentColor;
				CODE_SIGN_ENTITLEMENTS = UITest/UITest.entitlements;
				CODE_SIGN_STYLE = Automatic;
				CURRENT_PROJECT_VERSION = 1;
				DEVELOPMENT_ASSET_PATHS = "\"UITest/Preview Content\"";
				DEVELOPMENT_TEAM = 83B48K23H4;
				ENABLE_HARDENED_RUNTIME = YES;
				ENABLE_PREVIEWS = YES;
				GENERATE_INFOPLIST_FILE = YES;
				"INFOPLIST_KEY_UIApplicationSceneManifest_Generation[sdk=iphoneos*]" = YES;
				"INFOPLIST_KEY_UIApplicationSceneManifest_Generation[sdk=iphonesimulator*]" = YES;
				"INFOPLIST_KEY_UIApplicationSupportsIndirectInputEvents[sdk=iphoneos*]" = YES;
				"INFOPLIST_KEY_UIApplicationSupportsIndirectInputEvents[sdk=iphonesimulator*]" = YES;
				"INFOPLIST_KEY_UILaunchScreen_Generation[sdk=iphoneos*]" = YES;
				"INFOPLIST_KEY_UILaunchScreen_Generation[sdk=iphonesimulator*]" = YES;
				"INFOPLIST_KEY_UIStatusBarStyle[sdk=iphoneos*]" = UIStatusBarStyleDefault;
				"INFOPLIST_KEY_UIStatusBarStyle[sdk=iphonesimulator*]" = UIStatusBarStyleDefault;
				INFOPLIST_KEY_UISupportedInterfaceOrientations_iPad = "UIInterfaceOrientationPortrait UIInterfaceOrientationPortraitUpsideDown UIInterfaceOrientationLandscapeLeft UIInterfaceOrientationLandscapeRight";
				INFOPLIST_KEY_UISupportedInterfaceOrientations_iPhone = "UIInterfaceOrientationPortrait UIInterfaceOrientationLandscapeLeft UIInterfaceOrientationLandscapeRight";
				IPHONEOS_DEPLOYMENT_TARGET = 17.5;
				LD_RUNPATH_SEARCH_PATHS = "@executable_path/Frameworks";
				"LD_RUNPATH_SEARCH_PATHS[sdk=macosx*]" = "@executable_path/../Frameworks";
				MACOSX_DEPLOYMENT_TARGET = 14.5;
				MARKETING_VERSION = 1.0;
				PRODUCT_BUNDLE_IDENTIFIER = k3vnc.UITest;
				PRODUCT_NAME = "$(TARGET_NAME)";
				SDKROOT = auto;
				SUPPORTED_PLATFORMS = "iphoneos iphonesimulator macosx";
				SWIFT_EMIT_LOC_STRINGS = YES;
				SWIFT_VERSION = 5.0;
				TARGETED_DEVICE_FAMILY = "1,2";
			};
			name = Debug;
		};
		0EECBDF42C3B684100862F70 /* Release */ = {
			isa = XCBuildConfiguration;
			buildSettings = {
				ASSETCATALOG_COMPILER_APPICON_NAME = AppIcon;
				ASSETCATALOG_COMPILER_GLOBAL_ACCENT_COLOR_NAME = AccentColor;
				CODE_SIGN_ENTITLEMENTS = UITest/UITest.entitlements;
				CODE_SIGN_STYLE = Automatic;
				CURRENT_PROJECT_VERSION = 1;
				DEVELOPMENT_ASSET_PATHS = "\"UITest/Preview Content\"";
				DEVELOPMENT_TEAM = 83B48K23H4;
				ENABLE_HARDENED_RUNTIME = YES;
				ENABLE_PREVIEWS = YES;
				GENERATE_INFOPLIST_FILE = YES;
				"INFOPLIST_KEY_UIApplicationSceneManifest_Generation[sdk=iphoneos*]" = YES;
				"INFOPLIST_KEY_UIApplicationSceneManifest_Generation[sdk=iphonesimulator*]" = YES;
				"INFOPLIST_KEY_UIApplicationSupportsIndirectInputEvents[sdk=iphoneos*]" = YES;
				"INFOPLIST_KEY_UIApplicationSupportsIndirectInputEvents[sdk=iphonesimulator*]" = YES;
				"INFOPLIST_KEY_UILaunchScreen_Generation[sdk=iphoneos*]" = YES;
				"INFOPLIST_KEY_UILaunchScreen_Generation[sdk=iphonesimulator*]" = YES;
				"INFOPLIST_KEY_UIStatusBarStyle[sdk=iphoneos*]" = UIStatusBarStyleDefault;
				"INFOPLIST_KEY_UIStatusBarStyle[sdk=iphonesimulator*]" = UIStatusBarStyleDefault;
				INFOPLIST_KEY_UISupportedInterfaceOrientations_iPad = "UIInterfaceOrientationPortrait UIInterfaceOrientationPortraitUpsideDown UIInterfaceOrientationLandscapeLeft UIInterfaceOrientationLandscapeRight";
				INFOPLIST_KEY_UISupportedInterfaceOrientations_iPhone = "UIInterfaceOrientationPortrait UIInterfaceOrientationLandscapeLeft UIInterfaceOrientationLandscapeRight";
				IPHONEOS_DEPLOYMENT_TARGET = 17.5;
				LD_RUNPATH_SEARCH_PATHS = "@executable_path/Frameworks";
				"LD_RUNPATH_SEARCH_PATHS[sdk=macosx*]" = "@executable_path/../Frameworks";
				MACOSX_DEPLOYMENT_TARGET = 14.5;
				MARKETING_VERSION = 1.0;
				PRODUCT_BUNDLE_IDENTIFIER = k3vnc.UITest;
				PRODUCT_NAME = "$(TARGET_NAME)";
				SDKROOT = auto;
				SUPPORTED_PLATFORMS = "iphoneos iphonesimulator macosx";
				SWIFT_EMIT_LOC_STRINGS = YES;
				SWIFT_VERSION = 5.0;
				TARGETED_DEVICE_FAMILY = "1,2";
			};
			name = Release;
		};
		0EECBDF62C3B684100862F70 /* Debug */ = {
			isa = XCBuildConfiguration;
			buildSettings = {
				ALWAYS_EMBED_SWIFT_STANDARD_LIBRARIES = YES;
				BUNDLE_LOADER = "$(TEST_HOST)";
				CODE_SIGN_STYLE = Automatic;
				CURRENT_PROJECT_VERSION = 1;
				DEVELOPMENT_TEAM = 83B48K23H4;
				GENERATE_INFOPLIST_FILE = YES;
				IPHONEOS_DEPLOYMENT_TARGET = 17.5;
				MACOSX_DEPLOYMENT_TARGET = 14.5;
				MARKETING_VERSION = 1.0;
				PRODUCT_BUNDLE_IDENTIFIER = k3vnc.UITestTests;
				PRODUCT_NAME = "$(TARGET_NAME)";
				SDKROOT = auto;
				SUPPORTED_PLATFORMS = "iphoneos iphonesimulator macosx";
				SWIFT_EMIT_LOC_STRINGS = NO;
				SWIFT_VERSION = 5.0;
				TARGETED_DEVICE_FAMILY = "1,2";
				TEST_HOST = "$(BUILT_PRODUCTS_DIR)/UITest.app/$(BUNDLE_EXECUTABLE_FOLDER_PATH)/UITest";
			};
			name = Debug;
		};
		0EECBDF72C3B684100862F70 /* Release */ = {
			isa = XCBuildConfiguration;
			buildSettings = {
				ALWAYS_EMBED_SWIFT_STANDARD_LIBRARIES = YES;
				BUNDLE_LOADER = "$(TEST_HOST)";
				CODE_SIGN_STYLE = Automatic;
				CURRENT_PROJECT_VERSION = 1;
				DEVELOPMENT_TEAM = 83B48K23H4;
				GENERATE_INFOPLIST_FILE = YES;
				IPHONEOS_DEPLOYMENT_TARGET = 17.5;
				MACOSX_DEPLOYMENT_TARGET = 14.5;
				MARKETING_VERSION = 1.0;
				PRODUCT_BUNDLE_IDENTIFIER = k3vnc.UITestTests;
				PRODUCT_NAME = "$(TARGET_NAME)";
				SDKROOT = auto;
				SUPPORTED_PLATFORMS = "iphoneos iphonesimulator macosx";
				SWIFT_EMIT_LOC_STRINGS = NO;
				SWIFT_VERSION = 5.0;
				TARGETED_DEVICE_FAMILY = "1,2";
				TEST_HOST = "$(BUILT_PRODUCTS_DIR)/UITest.app/$(BUNDLE_EXECUTABLE_FOLDER_PATH)/UITest";
			};
			name = Release;
		};
		0EECBDF92C3B684100862F70 /* Debug */ = {
			isa = XCBuildConfiguration;
			buildSettings = {
				ALWAYS_EMBED_SWIFT_STANDARD_LIBRARIES = YES;
				CODE_SIGN_STYLE = Automatic;
				CURRENT_PROJECT_VERSION = 1;
				DEVELOPMENT_TEAM = 83B48K23H4;
				GENERATE_INFOPLIST_FILE = YES;
				IPHONEOS_DEPLOYMENT_TARGET = 17.5;
				MACOSX_DEPLOYMENT_TARGET = 14.5;
				MARKETING_VERSION = 1.0;
				PRODUCT_BUNDLE_IDENTIFIER = k3vnc.UITestUITests;
				PRODUCT_NAME = "$(TARGET_NAME)";
				SDKROOT = auto;
				SUPPORTED_PLATFORMS = "iphoneos iphonesimulator macosx";
				SWIFT_EMIT_LOC_STRINGS = NO;
				SWIFT_VERSION = 5.0;
				TARGETED_DEVICE_FAMILY = "1,2";
				TEST_TARGET_NAME = UITest;
			};
			name = Debug;
		};
		0EECBDFA2C3B684100862F70 /* Release */ = {
			isa = XCBuildConfiguration;
			buildSettings = {
				ALWAYS_EMBED_SWIFT_STANDARD_LIBRARIES = YES;
				CODE_SIGN_STYLE = Automatic;
				CURRENT_PROJECT_VERSION = 1;
				DEVELOPMENT_TEAM = 83B48K23H4;
				GENERATE_INFOPLIST_FILE = YES;
				IPHONEOS_DEPLOYMENT_TARGET = 17.5;
				MACOSX_DEPLOYMENT_TARGET = 14.5;
				MARKETING_VERSION = 1.0;
				PRODUCT_BUNDLE_IDENTIFIER = k3vnc.UITestUITests;
				PRODUCT_NAME = "$(TARGET_NAME)";
				SDKROOT = auto;
				SUPPORTED_PLATFORMS = "iphoneos iphonesimulator macosx";
				SWIFT_EMIT_LOC_STRINGS = NO;
				SWIFT_VERSION = 5.0;
				TARGETED_DEVICE_FAMILY = "1,2";
				TEST_TARGET_NAME = UITest;
			};
			name = Release;
		};
/* End XCBuildConfiguration section */

/* Begin XCConfigurationList section */
		0EECBDC32C3B683F00862F70 /* Build configuration list for PBXProject "UITest" */ = {
			isa = XCConfigurationList;
			buildConfigurations = (
				0EECBDF02C3B684100862F70 /* Debug */,
				0EECBDF12C3B684100862F70 /* Release */,
			);
			defaultConfigurationIsVisible = 0;
			defaultConfigurationName = Release;
		};
		0EECBDF22C3B684100862F70 /* Build configuration list for PBXNativeTarget "UITest" */ = {
			isa = XCConfigurationList;
			buildConfigurations = (
				0EECBDF32C3B684100862F70 /* Debug */,
				0EECBDF42C3B684100862F70 /* Release */,
			);
			defaultConfigurationIsVisible = 0;
			defaultConfigurationName = Release;
		};
		0EECBDF52C3B684100862F70 /* Build configuration list for PBXNativeTarget "UITestTests" */ = {
			isa = XCConfigurationList;
			buildConfigurations = (
				0EECBDF62C3B684100862F70 /* Debug */,
				0EECBDF72C3B684100862F70 /* Release */,
			);
			defaultConfigurationIsVisible = 0;
			defaultConfigurationName = Release;
		};
		0EECBDF82C3B684100862F70 /* Build configuration list for PBXNativeTarget "UITestUITests" */ = {
			isa = XCConfigurationList;
			buildConfigurations = (
				0EECBDF92C3B684100862F70 /* Debug */,
				0EECBDFA2C3B684100862F70 /* Release */,
			);
			defaultConfigurationIsVisible = 0;
			defaultConfigurationName = Release;
		};
/* End XCConfigurationList section */

/* Begin XCVersionGroup section */
		0EECBDCF2C3B683F00862F70 /* UITest.xcdatamodeld */ = {
			isa = XCVersionGroup;
			children = (
				0EECBDD02C3B683F00862F70 /* UITest.xcdatamodel */,
			);
			currentVersion = 0EECBDD02C3B683F00862F70 /* UITest.xcdatamodel */;
			path = UITest.xcdatamodeld;
			sourceTree = "<group>";
			versionGroupType = wrapper.xcdatamodel;
		};
/* End XCVersionGroup section */
	};
	rootObject = 0EECBDC02C3B683F00862F70 /* Project object */;
}
